
Microsoft Visual Studio Solution File, Format Version 12.00
# Visual Studio 15
VisualStudioVersion = 15.0.26124.0
MinimumVisualStudioVersion = 15.0.26124.0
Project("{9A19103F-16F7-4668-BE54-9A1E7A4F7556}") = "R5T.Ives.Configuration.Construction", "R5T.Ives.Configuration.Construction\R5T.Ives.Configuration.Construction.csproj", "{0FF93C9A-4F16-42D1-913A-E7D474C579E5}"
EndProject
Project("{9A19103F-16F7-4668-BE54-9A1E7A4F7556}") = "R5T.Ives.Configuration", "R5T.Ives.Configuration\R5T.Ives.Configuration.csproj", "{22C6B151-28FA-4E4A-9520-C86BB5BA0DB3}"
EndProject
Project("{9A19103F-16F7-4668-BE54-9A1E7A4F7556}") = "R5T.Ives.Configuration.Testing", "R5T.Ives.Configuration.Testing\R5T.Ives.Configuration.Testing.csproj", "{4E85FD55-E91D-4656-8365-FC662D252FBB}"
EndProject
Project("{2150E333-8FDC-42A3-9474-1A3956D46DE8}") = "_Dependencies", "_Dependencies", "{53D4161F-F41B-4023-8499-8A4D6E9967C5}"
EndProject
Project("{9A19103F-16F7-4668-BE54-9A1E7A4F7556}") = "R5T.Ives.Base", "..\..\R5T.Ives.Base\source\R5T.Ives.Base\R5T.Ives.Base.csproj", "{30AF7A43-D4D6-44DF-A634-0F875D1CA0F3}"
EndProject
Project("{9A19103F-16F7-4668-BE54-9A1E7A4F7556}") = "R5T.Chamavia", "..\..\R5T.Chamavia\source\R5T.Chamavia\R5T.Chamavia.csproj", "{BDB9EC2B-9842-4F8C-B911-2D42BE1FEBD3}"
EndProject
Global
	GlobalSection(SolutionConfigurationPlatforms) = preSolution
		Debug|Any CPU = Debug|Any CPU
		Debug|x64 = Debug|x64
		Debug|x86 = Debug|x86
		Release|Any CPU = Release|Any CPU
		Release|x64 = Release|x64
		Release|x86 = Release|x86
	EndGlobalSection
	GlobalSection(ProjectConfigurationPlatforms) = postSolution
		{0FF93C9A-4F16-42D1-913A-E7D474C579E5}.Debug|Any CPU.ActiveCfg = Debug|Any CPU
		{0FF93C9A-4F16-42D1-913A-E7D474C579E5}.Debug|Any CPU.Build.0 = Debug|Any CPU
		{0FF93C9A-4F16-42D1-913A-E7D474C579E5}.Debug|x64.ActiveCfg = Debug|Any CPU
		{0FF93C9A-4F16-42D1-913A-E7D474C579E5}.Debug|x64.Build.0 = Debug|Any CPU
		{0FF93C9A-4F16-42D1-913A-E7D474C579E5}.Debug|x86.ActiveCfg = Debug|Any CPU
		{0FF93C9A-4F16-42D1-913A-E7D474C579E5}.Debug|x86.Build.0 = Debug|Any CPU
		{0FF93C9A-4F16-42D1-913A-E7D474C579E5}.Release|Any CPU.ActiveCfg = Release|Any CPU
		{0FF93C9A-4F16-42D1-913A-E7D474C579E5}.Release|Any CPU.Build.0 = Release|Any CPU
		{0FF93C9A-4F16-42D1-913A-E7D474C579E5}.Release|x64.ActiveCfg = Release|Any CPU
		{0FF93C9A-4F16-42D1-913A-E7D474C579E5}.Release|x64.Build.0 = Release|Any CPU
		{0FF93C9A-4F16-42D1-913A-E7D474C579E5}.Release|x86.ActiveCfg = Release|Any CPU
		{0FF93C9A-4F16-42D1-913A-E7D474C579E5}.Release|x86.Build.0 = Release|Any CPU
		{22C6B151-28FA-4E4A-9520-C86BB5BA0DB3}.Debug|Any CPU.ActiveCfg = Debug|Any CPU
		{22C6B151-28FA-4E4A-9520-C86BB5BA0DB3}.Debug|Any CPU.Build.0 = Debug|Any CPU
		{22C6B151-28FA-4E4A-9520-C86BB5BA0DB3}.Debug|x64.ActiveCfg = Debug|Any CPU
		{22C6B151-28FA-4E4A-9520-C86BB5BA0DB3}.Debug|x64.Build.0 = Debug|Any CPU
		{22C6B151-28FA-4E4A-9520-C86BB5BA0DB3}.Debug|x86.ActiveCfg = Debug|Any CPU
		{22C6B151-28FA-4E4A-9520-C86BB5BA0DB3}.Debug|x86.Build.0 = Debug|Any CPU
		{22C6B151-28FA-4E4A-9520-C86BB5BA0DB3}.Release|Any CPU.ActiveCfg = Release|Any CPU
		{22C6B151-28FA-4E4A-9520-C86BB5BA0DB3}.Release|Any CPU.Build.0 = Release|Any CPU
		{22C6B151-28FA-4E4A-9520-C86BB5BA0DB3}.Release|x64.ActiveCfg = Release|Any CPU
		{22C6B151-28FA-4E4A-9520-C86BB5BA0DB3}.Release|x64.Build.0 = Release|Any CPU
		{22C6B151-28FA-4E4A-9520-C86BB5BA0DB3}.Release|x86.ActiveCfg = Release|Any CPU
		{22C6B151-28FA-4E4A-9520-C86BB5BA0DB3}.Release|x86.Build.0 = Release|Any CPU
		{4E85FD55-E91D-4656-8365-FC662D252FBB}.Debug|Any CPU.ActiveCfg = Debug|Any CPU
		{4E85FD55-E91D-4656-8365-FC662D252FBB}.Debug|Any CPU.Build.0 = Debug|Any CPU
		{4E85FD55-E91D-4656-8365-FC662D252FBB}.Debug|x64.ActiveCfg = Debug|Any CPU
		{4E85FD55-E91D-4656-8365-FC662D252FBB}.Debug|x64.Build.0 = Debug|Any CPU
		{4E85FD55-E91D-4656-8365-FC662D252FBB}.Debug|x86.ActiveCfg = Debug|Any CPU
		{4E85FD55-E91D-4656-8365-FC662D252FBB}.Debug|x86.Build.0 = Debug|Any CPU
		{4E85FD55-E91D-4656-8365-FC662D252FBB}.Release|Any CPU.ActiveCfg = Release|Any CPU
		{4E85FD55-E91D-4656-8365-FC662D252FBB}.Release|Any CPU.Build.0 = Release|Any CPU
		{4E85FD55-E91D-4656-8365-FC662D252FBB}.Release|x64.ActiveCfg = Release|Any CPU
		{4E85FD55-E91D-4656-8365-FC662D252FBB}.Release|x64.Build.0 = Release|Any CPU
		{4E85FD55-E91D-4656-8365-FC662D252FBB}.Release|x86.ActiveCfg = Release|Any CPU
		{4E85FD55-E91D-4656-8365-FC662D252FBB}.Release|x86.Build.0 = Release|Any CPU
		{30AF7A43-D4D6-44DF-A634-0F875D1CA0F3}.Debug|Any CPU.ActiveCfg = Debug|Any CPU
		{30AF7A43-D4D6-44DF-A634-0F875D1CA0F3}.Debug|Any CPU.Build.0 = Debug|Any CPU
		{30AF7A43-D4D6-44DF-A634-0F875D1CA0F3}.Debug|x64.ActiveCfg = Debug|Any CPU
		{30AF7A43-D4D6-44DF-A634-0F875D1CA0F3}.Debug|x64.Build.0 = Debug|Any CPU
		{30AF7A43-D4D6-44DF-A634-0F875D1CA0F3}.Debug|x86.ActiveCfg = Debug|Any CPU
		{30AF7A43-D4D6-44DF-A634-0F875D1CA0F3}.Debug|x86.Build.0 = Debug|Any CPU
		{30AF7A43-D4D6-44DF-A634-0F875D1CA0F3}.Release|Any CPU.ActiveCfg = Release|Any CPU
		{30AF7A43-D4D6-44DF-A634-0F875D1CA0F3}.Release|Any CPU.Build.0 = Release|Any CPU
		{30AF7A43-D4D6-44DF-A634-0F875D1CA0F3}.Release|x64.ActiveCfg = Release|Any CPU
		{30AF7A43-D4D6-44DF-A634-0F875D1CA0F3}.Release|x64.Build.0 = Release|Any CPU
		{30AF7A43-D4D6-44DF-A634-0F875D1CA0F3}.Release|x86.ActiveCfg = Release|Any CPU
		{30AF7A43-D4D6-44DF-A634-0F875D1CA0F3}.Release|x86.Build.0 = Release|Any CPU
		{BDB9EC2B-9842-4F8C-B911-2D42BE1FEBD3}.Debug|Any CPU.ActiveCfg = Debug|Any CPU
		{BDB9EC2B-9842-4F8C-B911-2D42BE1FEBD3}.Debug|Any CPU.Build.0 = Debug|Any CPU
		{BDB9EC2B-9842-4F8C-B911-2D42BE1FEBD3}.Debug|x64.ActiveCfg = Debug|Any CPU
		{BDB9EC2B-9842-4F8C-B911-2D42BE1FEBD3}.Debug|x64.Build.0 = Debug|Any CPU
		{BDB9EC2B-9842-4F8C-B911-2D42BE1FEBD3}.Debug|x86.ActiveCfg = Debug|Any CPU
		{BDB9EC2B-9842-4F8C-B911-2D42BE1FEBD3}.Debug|x86.Build.0 = Debug|Any CPU
		{BDB9EC2B-9842-4F8C-B911-2D42BE1FEBD3}.Release|Any CPU.ActiveCfg = Release|Any CPU
		{BDB9EC2B-9842-4F8C-B911-2D42BE1FEBD3}.Release|Any CPU.Build.0 = Release|Any CPU
		{BDB9EC2B-9842-4F8C-B911-2D42BE1FEBD3}.Release|x64.ActiveCfg = Release|Any CPU
		{BDB9EC2B-9842-4F8C-B911-2D42BE1FEBD3}.Release|x64.Build.0 = Release|Any CPU
		{BDB9EC2B-9842-4F8C-B911-2D42BE1FEBD3}.Release|x86.ActiveCfg = Release|Any CPU
		{BDB9EC2B-9842-4F8C-B911-2D42BE1FEBD3}.Release|x86.Build.0 = Release|Any CPU
	EndGlobalSection
	GlobalSection(SolutionProperties) = preSolution
		HideSolutionNode = FALSE
	EndGlobalSection
	GlobalSection(NestedProjects) = preSolution
		{30AF7A43-D4D6-44DF-A634-0F875D1CA0F3} = {53D4161F-F41B-4023-8499-8A4D6E9967C5}
		{BDB9EC2B-9842-4F8C-B911-2D42BE1FEBD3} = {53D4161F-F41B-4023-8499-8A4D6E9967C5}
	EndGlobalSection
	GlobalSection(ExtensibilityGlobals) = postSolution
		SolutionGuid = {55EDD2A4-3B17-40CB-B7E8-2E4BCD70234E}
	EndGlobalSection
EndGlobal
